
Microsoft Visual Studio Solution File, Format Version 12.00
# Visual Studio Version 16
VisualStudioVersion = 16.0.30204.135
MinimumVisualStudioVersion = 10.0.40219.1
Project("{9A19103F-16F7-4668-BE54-9A1E7A4F7556}") = "Came 2", "Came 2\Came 2.csproj", "{3467E106-8E11-4BA7-9393-7505A40E576C}"
EndProject
Project("{FAE04EC0-301F-11D3-BF4B-00C04F79EFBC}") = "DemoLabrary", "DemoLabrary\DemoLabrary.csproj", "{9AAFA7FA-98F6-4254-871A-318CE5E824E3}"
EndProject
Global
	GlobalSection(SolutionConfigurationPlatforms) = preSolution
		Debug|Any CPU = Debug|Any CPU
		Release|Any CPU = Release|Any CPU
	EndGlobalSection
	GlobalSection(ProjectConfigurationPlatforms) = postSolution
		{3467E106-8E11-4BA7-9393-7505A40E576C}.Debug|Any CPU.ActiveCfg = Debug|Any CPU
		{3467E106-8E11-4BA7-9393-7505A40E576C}.Debug|Any CPU.Build.0 = Debug|Any CPU
		{3467E106-8E11-4BA7-9393-7505A40E576C}.Release|Any CPU.ActiveCfg = Release|Any CPU
		{3467E106-8E11-4BA7-9393-7505A40E576C}.Release|Any CPU.Build.0 = Release|Any CPU
		{9AAFA7FA-98F6-4254-871A-318CE5E824E3}.Debug|Any CPU.ActiveCfg = Debug|Any CPU
		{9AAFA7FA-98F6-4254-871A-318CE5E824E3}.Debug|Any CPU.Build.0 = Debug|Any CPU
		{9AAFA7FA-98F6-4254-871A-318CE5E824E3}.Release|Any CPU.ActiveCfg = Release|Any CPU
		{9AAFA7FA-98F6-4254-871A-318CE5E824E3}.Release|Any CPU.Build.0 = Release|Any CPU
	EndGlobalSection
	GlobalSection(SolutionProperties) = preSolution
		HideSolutionNode = FALSE
	EndGlobalSection
	GlobalSection(ExtensibilityGlobals) = postSolution
		SolutionGuid = {195DA8BB-A459-437D-9D9E-71A825A6A707}
	EndGlobalSection
EndGlobal
