
Microsoft Visual Studio Solution File, Format Version 12.00
# Visual Studio Version 17
VisualStudioVersion = 17.0.31912.275
MinimumVisualStudioVersion = 10.0.40219.1
Project("{9A19103F-16F7-4668-BE54-9A1E7A4F7556}") = "recaptchaweb", "recaptchaweb\recaptchaweb.csproj", "{539035D9-533C-4D5B-9DCB-D297E7607B43}"
EndProject
Project("{9A19103F-16F7-4668-BE54-9A1E7A4F7556}") = "Notyfication", "Notyfication\Notyfication.csproj", "{25617806-B36C-449D-B503-889B5CACFA7C}"
EndProject
Project("{9A19103F-16F7-4668-BE54-9A1E7A4F7556}") = "BlazorSnew", "BlazorSnew\BlazorSnew.csproj", "{63B89C50-9DFB-458F-9C72-E7D0EB2A22B5}"
EndProject
Project("{9A19103F-16F7-4668-BE54-9A1E7A4F7556}") = "RemoteHand", "RemoteHand\RemoteHand.csproj", "{584FB100-806C-415C-BFC0-C84A12D9C479}"
EndProject
Project("{FAE04EC0-301F-11D3-BF4B-00C04F79EFBC}") = "Mobile AP.Android", "Mobile AP\Mobile AP.Android\Mobile AP.Android.csproj", "{9F2AB8FB-B8A0-4972-ADF8-DF8C5279E1D6}"
EndProject
Project("{FAE04EC0-301F-11D3-BF4B-00C04F79EFBC}") = "Mobile AP.iOS", "Mobile AP\Mobile AP.iOS\Mobile AP.iOS.csproj", "{BF489737-21AE-4B7A-8A90-BFED5778AFAD}"
EndProject
Project("{9A19103F-16F7-4668-BE54-9A1E7A4F7556}") = "Mobile AP", "Mobile AP\Mobile AP\Mobile AP.csproj", "{270BDFB7-FC50-41E5-92B8-53EED2EA53DA}"
EndProject
Project("{9A19103F-16F7-4668-BE54-9A1E7A4F7556}") = "MongoDB", "MongoDB\MongoDB.csproj", "{F4ECEF1E-90F6-43A7-BF90-9C273F4D7196}"
EndProject
Project("{9A19103F-16F7-4668-BE54-9A1E7A4F7556}") = "popup windo", "popup windo\popup windo.csproj", "{7C6B9B04-301A-4A69-96A9-7CB795D89D12}"
EndProject
Project("{9A19103F-16F7-4668-BE54-9A1E7A4F7556}") = "WebAPi", "WebAPi\WebAPi.csproj", "{70A98B49-052F-4EA5-80EB-0A14E1048D92}"
EndProject
Project("{9A19103F-16F7-4668-BE54-9A1E7A4F7556}") = "testownlog", "testownlog\testownlog.csproj", "{53EEECED-BA4E-42FF-9D36-2A368A353E45}"
EndProject
Project("{9A19103F-16F7-4668-BE54-9A1E7A4F7556}") = "MangoLoginidentyty", "MangoLoginidentyty\MangoLoginidentyty.csproj", "{8F4BEEEC-EFA3-4108-84EC-C5E5CE58CD0D}"
EndProject
Project("{FAE04EC0-301F-11D3-BF4B-00C04F79EFBC}") = "BlazorApp1", "BlazorApp1\BlazorApp1.csproj", "{489F2D56-5307-44A5-8890-A23EF65E9A48}"
EndProject
Project("{FAE04EC0-301F-11D3-BF4B-00C04F79EFBC}") = "logingreview", "logingreview\logingreview.csproj", "{AFE11A1D-3759-4B36-8958-40C1D9E4843D}"
EndProject
Global
	GlobalSection(SolutionConfigurationPlatforms) = preSolution
		Debug|Any CPU = Debug|Any CPU
		Debug|iPhone = Debug|iPhone
		Debug|iPhoneSimulator = Debug|iPhoneSimulator
		Release|Any CPU = Release|Any CPU
		Release|iPhone = Release|iPhone
		Release|iPhoneSimulator = Release|iPhoneSimulator
	EndGlobalSection
	GlobalSection(ProjectConfigurationPlatforms) = postSolution
		{539035D9-533C-4D5B-9DCB-D297E7607B43}.Debug|Any CPU.ActiveCfg = Debug|Any CPU
		{539035D9-533C-4D5B-9DCB-D297E7607B43}.Debug|Any CPU.Build.0 = Debug|Any CPU
		{539035D9-533C-4D5B-9DCB-D297E7607B43}.Debug|iPhone.ActiveCfg = Debug|Any CPU
		{539035D9-533C-4D5B-9DCB-D297E7607B43}.Debug|iPhone.Build.0 = Debug|Any CPU
		{539035D9-533C-4D5B-9DCB-D297E7607B43}.Debug|iPhoneSimulator.ActiveCfg = Debug|Any CPU
		{539035D9-533C-4D5B-9DCB-D297E7607B43}.Debug|iPhoneSimulator.Build.0 = Debug|Any CPU
		{539035D9-533C-4D5B-9DCB-D297E7607B43}.Release|Any CPU.ActiveCfg = Release|Any CPU
		{539035D9-533C-4D5B-9DCB-D297E7607B43}.Release|Any CPU.Build.0 = Release|Any CPU
		{539035D9-533C-4D5B-9DCB-D297E7607B43}.Release|iPhone.ActiveCfg = Release|Any CPU
		{539035D9-533C-4D5B-9DCB-D297E7607B43}.Release|iPhone.Build.0 = Release|Any CPU
		{539035D9-533C-4D5B-9DCB-D297E7607B43}.Release|iPhoneSimulator.ActiveCfg = Release|Any CPU
		{539035D9-533C-4D5B-9DCB-D297E7607B43}.Release|iPhoneSimulator.Build.0 = Release|Any CPU
		{25617806-B36C-449D-B503-889B5CACFA7C}.Debug|Any CPU.ActiveCfg = Debug|Any CPU
		{25617806-B36C-449D-B503-889B5CACFA7C}.Debug|Any CPU.Build.0 = Debug|Any CPU
		{25617806-B36C-449D-B503-889B5CACFA7C}.Debug|iPhone.ActiveCfg = Debug|Any CPU
		{25617806-B36C-449D-B503-889B5CACFA7C}.Debug|iPhone.Build.0 = Debug|Any CPU
		{25617806-B36C-449D-B503-889B5CACFA7C}.Debug|iPhoneSimulator.ActiveCfg = Debug|Any CPU
		{25617806-B36C-449D-B503-889B5CACFA7C}.Debug|iPhoneSimulator.Build.0 = Debug|Any CPU
		{25617806-B36C-449D-B503-889B5CACFA7C}.Release|Any CPU.ActiveCfg = Release|Any CPU
		{25617806-B36C-449D-B503-889B5CACFA7C}.Release|Any CPU.Build.0 = Release|Any CPU
		{25617806-B36C-449D-B503-889B5CACFA7C}.Release|iPhone.ActiveCfg = Release|Any CPU
		{25617806-B36C-449D-B503-889B5CACFA7C}.Release|iPhone.Build.0 = Release|Any CPU
		{25617806-B36C-449D-B503-889B5CACFA7C}.Release|iPhoneSimulator.ActiveCfg = Release|Any CPU
		{25617806-B36C-449D-B503-889B5CACFA7C}.Release|iPhoneSimulator.Build.0 = Release|Any CPU
		{63B89C50-9DFB-458F-9C72-E7D0EB2A22B5}.Debug|Any CPU.ActiveCfg = Debug|Any CPU
		{63B89C50-9DFB-458F-9C72-E7D0EB2A22B5}.Debug|Any CPU.Build.0 = Debug|Any CPU
		{63B89C50-9DFB-458F-9C72-E7D0EB2A22B5}.Debug|iPhone.ActiveCfg = Debug|Any CPU
		{63B89C50-9DFB-458F-9C72-E7D0EB2A22B5}.Debug|iPhone.Build.0 = Debug|Any CPU
		{63B89C50-9DFB-458F-9C72-E7D0EB2A22B5}.Debug|iPhoneSimulator.ActiveCfg = Debug|Any CPU
		{63B89C50-9DFB-458F-9C72-E7D0EB2A22B5}.Debug|iPhoneSimulator.Build.0 = Debug|Any CPU
		{63B89C50-9DFB-458F-9C72-E7D0EB2A22B5}.Release|Any CPU.ActiveCfg = Release|Any CPU
		{63B89C50-9DFB-458F-9C72-E7D0EB2A22B5}.Release|Any CPU.Build.0 = Release|Any CPU
		{63B89C50-9DFB-458F-9C72-E7D0EB2A22B5}.Release|iPhone.ActiveCfg = Release|Any CPU
		{63B89C50-9DFB-458F-9C72-E7D0EB2A22B5}.Release|iPhone.Build.0 = Release|Any CPU
		{63B89C50-9DFB-458F-9C72-E7D0EB2A22B5}.Release|iPhoneSimulator.ActiveCfg = Release|Any CPU
		{63B89C50-9DFB-458F-9C72-E7D0EB2A22B5}.Release|iPhoneSimulator.Build.0 = Release|Any CPU
		{584FB100-806C-415C-BFC0-C84A12D9C479}.Debug|Any CPU.ActiveCfg = Debug|Any CPU
		{584FB100-806C-415C-BFC0-C84A12D9C479}.Debug|Any CPU.Build.0 = Debug|Any CPU
		{584FB100-806C-415C-BFC0-C84A12D9C479}.Debug|iPhone.ActiveCfg = Debug|Any CPU
		{584FB100-806C-415C-BFC0-C84A12D9C479}.Debug|iPhone.Build.0 = Debug|Any CPU
		{584FB100-806C-415C-BFC0-C84A12D9C479}.Debug|iPhoneSimulator.ActiveCfg = Debug|Any CPU
		{584FB100-806C-415C-BFC0-C84A12D9C479}.Debug|iPhoneSimulator.Build.0 = Debug|Any CPU
		{584FB100-806C-415C-BFC0-C84A12D9C479}.Release|Any CPU.ActiveCfg = Release|Any CPU
		{584FB100-806C-415C-BFC0-C84A12D9C479}.Release|Any CPU.Build.0 = Release|Any CPU
		{584FB100-806C-415C-BFC0-C84A12D9C479}.Release|iPhone.ActiveCfg = Release|Any CPU
		{584FB100-806C-415C-BFC0-C84A12D9C479}.Release|iPhone.Build.0 = Release|Any CPU
		{584FB100-806C-415C-BFC0-C84A12D9C479}.Release|iPhoneSimulator.ActiveCfg = Release|Any CPU
		{584FB100-806C-415C-BFC0-C84A12D9C479}.Release|iPhoneSimulator.Build.0 = Release|Any CPU
		{9F2AB8FB-B8A0-4972-ADF8-DF8C5279E1D6}.Debug|Any CPU.ActiveCfg = Debug|Any CPU
		{9F2AB8FB-B8A0-4972-ADF8-DF8C5279E1D6}.Debug|Any CPU.Build.0 = Debug|Any CPU
		{9F2AB8FB-B8A0-4972-ADF8-DF8C5279E1D6}.Debug|Any CPU.Deploy.0 = Debug|Any CPU
		{9F2AB8FB-B8A0-4972-ADF8-DF8C5279E1D6}.Debug|iPhone.ActiveCfg = Debug|Any CPU
		{9F2AB8FB-B8A0-4972-ADF8-DF8C5279E1D6}.Debug|iPhone.Build.0 = Debug|Any CPU
		{9F2AB8FB-B8A0-4972-ADF8-DF8C5279E1D6}.Debug|iPhone.Deploy.0 = Debug|Any CPU
		{9F2AB8FB-B8A0-4972-ADF8-DF8C5279E1D6}.Debug|iPhoneSimulator.ActiveCfg = Debug|Any CPU
		{9F2AB8FB-B8A0-4972-ADF8-DF8C5279E1D6}.Debug|iPhoneSimulator.Build.0 = Debug|Any CPU
		{9F2AB8FB-B8A0-4972-ADF8-DF8C5279E1D6}.Debug|iPhoneSimulator.Deploy.0 = Debug|Any CPU
		{9F2AB8FB-B8A0-4972-ADF8-DF8C5279E1D6}.Release|Any CPU.ActiveCfg = Release|Any CPU
		{9F2AB8FB-B8A0-4972-ADF8-DF8C5279E1D6}.Release|Any CPU.Build.0 = Release|Any CPU
		{9F2AB8FB-B8A0-4972-ADF8-DF8C5279E1D6}.Release|Any CPU.Deploy.0 = Release|Any CPU
		{9F2AB8FB-B8A0-4972-ADF8-DF8C5279E1D6}.Release|iPhone.ActiveCfg = Release|Any CPU
		{9F2AB8FB-B8A0-4972-ADF8-DF8C5279E1D6}.Release|iPhone.Build.0 = Release|Any CPU
		{9F2AB8FB-B8A0-4972-ADF8-DF8C5279E1D6}.Release|iPhone.Deploy.0 = Release|Any CPU
		{9F2AB8FB-B8A0-4972-ADF8-DF8C5279E1D6}.Release|iPhoneSimulator.ActiveCfg = Release|Any CPU
		{9F2AB8FB-B8A0-4972-ADF8-DF8C5279E1D6}.Release|iPhoneSimulator.Build.0 = Release|Any CPU
		{9F2AB8FB-B8A0-4972-ADF8-DF8C5279E1D6}.Release|iPhoneSimulator.Deploy.0 = Release|Any CPU
		{BF489737-21AE-4B7A-8A90-BFED5778AFAD}.Debug|Any CPU.ActiveCfg = Debug|iPhoneSimulator
		{BF489737-21AE-4B7A-8A90-BFED5778AFAD}.Debug|Any CPU.Build.0 = Debug|iPhoneSimulator
		{BF489737-21AE-4B7A-8A90-BFED5778AFAD}.Debug|iPhone.ActiveCfg = Debug|iPhone
		{BF489737-21AE-4B7A-8A90-BFED5778AFAD}.Debug|iPhone.Build.0 = Debug|iPhone
		{BF489737-21AE-4B7A-8A90-BFED5778AFAD}.Debug|iPhoneSimulator.ActiveCfg = Debug|iPhoneSimulator
		{BF489737-21AE-4B7A-8A90-BFED5778AFAD}.Debug|iPhoneSimulator.Build.0 = Debug|iPhoneSimulator
		{BF489737-21AE-4B7A-8A90-BFED5778AFAD}.Release|Any CPU.ActiveCfg = Release|iPhoneSimulator
		{BF489737-21AE-4B7A-8A90-BFED5778AFAD}.Release|Any CPU.Build.0 = Release|iPhoneSimulator
		{BF489737-21AE-4B7A-8A90-BFED5778AFAD}.Release|iPhone.ActiveCfg = Release|iPhone
		{BF489737-21AE-4B7A-8A90-BFED5778AFAD}.Release|iPhone.Build.0 = Release|iPhone
		{BF489737-21AE-4B7A-8A90-BFED5778AFAD}.Release|iPhoneSimulator.ActiveCfg = Release|iPhoneSimulator
		{BF489737-21AE-4B7A-8A90-BFED5778AFAD}.Release|iPhoneSimulator.Build.0 = Release|iPhoneSimulator
		{270BDFB7-FC50-41E5-92B8-53EED2EA53DA}.Debug|Any CPU.ActiveCfg = Debug|Any CPU
		{270BDFB7-FC50-41E5-92B8-53EED2EA53DA}.Debug|Any CPU.Build.0 = Debug|Any CPU
		{270BDFB7-FC50-41E5-92B8-53EED2EA53DA}.Debug|iPhone.ActiveCfg = Debug|Any CPU
		{270BDFB7-FC50-41E5-92B8-53EED2EA53DA}.Debug|iPhone.Build.0 = Debug|Any CPU
		{270BDFB7-FC50-41E5-92B8-53EED2EA53DA}.Debug|iPhoneSimulator.ActiveCfg = Debug|Any CPU
		{270BDFB7-FC50-41E5-92B8-53EED2EA53DA}.Debug|iPhoneSimulator.Build.0 = Debug|Any CPU
		{270BDFB7-FC50-41E5-92B8-53EED2EA53DA}.Release|Any CPU.ActiveCfg = Release|Any CPU
		{270BDFB7-FC50-41E5-92B8-53EED2EA53DA}.Release|Any CPU.Build.0 = Release|Any CPU
		{270BDFB7-FC50-41E5-92B8-53EED2EA53DA}.Release|iPhone.ActiveCfg = Release|Any CPU
		{270BDFB7-FC50-41E5-92B8-53EED2EA53DA}.Release|iPhone.Build.0 = Release|Any CPU
		{270BDFB7-FC50-41E5-92B8-53EED2EA53DA}.Release|iPhoneSimulator.ActiveCfg = Release|Any CPU
		{270BDFB7-FC50-41E5-92B8-53EED2EA53DA}.Release|iPhoneSimulator.Build.0 = Release|Any CPU
		{F4ECEF1E-90F6-43A7-BF90-9C273F4D7196}.Debug|Any CPU.ActiveCfg = Debug|Any CPU
		{F4ECEF1E-90F6-43A7-BF90-9C273F4D7196}.Debug|Any CPU.Build.0 = Debug|Any CPU
		{F4ECEF1E-90F6-43A7-BF90-9C273F4D7196}.Debug|iPhone.ActiveCfg = Debug|Any CPU
		{F4ECEF1E-90F6-43A7-BF90-9C273F4D7196}.Debug|iPhone.Build.0 = Debug|Any CPU
		{F4ECEF1E-90F6-43A7-BF90-9C273F4D7196}.Debug|iPhoneSimulator.ActiveCfg = Debug|Any CPU
		{F4ECEF1E-90F6-43A7-BF90-9C273F4D7196}.Debug|iPhoneSimulator.Build.0 = Debug|Any CPU
		{F4ECEF1E-90F6-43A7-BF90-9C273F4D7196}.Release|Any CPU.ActiveCfg = Release|Any CPU
		{F4ECEF1E-90F6-43A7-BF90-9C273F4D7196}.Release|Any CPU.Build.0 = Release|Any CPU
		{F4ECEF1E-90F6-43A7-BF90-9C273F4D7196}.Release|iPhone.ActiveCfg = Release|Any CPU
		{F4ECEF1E-90F6-43A7-BF90-9C273F4D7196}.Release|iPhone.Build.0 = Release|Any CPU
		{F4ECEF1E-90F6-43A7-BF90-9C273F4D7196}.Release|iPhoneSimulator.ActiveCfg = Release|Any CPU
		{F4ECEF1E-90F6-43A7-BF90-9C273F4D7196}.Release|iPhoneSimulator.Build.0 = Release|Any CPU
		{7C6B9B04-301A-4A69-96A9-7CB795D89D12}.Debug|Any CPU.ActiveCfg = Debug|Any CPU
		{7C6B9B04-301A-4A69-96A9-7CB795D89D12}.Debug|Any CPU.Build.0 = Debug|Any CPU
		{7C6B9B04-301A-4A69-96A9-7CB795D89D12}.Debug|iPhone.ActiveCfg = Debug|Any CPU
		{7C6B9B04-301A-4A69-96A9-7CB795D89D12}.Debug|iPhone.Build.0 = Debug|Any CPU
		{7C6B9B04-301A-4A69-96A9-7CB795D89D12}.Debug|iPhoneSimulator.ActiveCfg = Debug|Any CPU
		{7C6B9B04-301A-4A69-96A9-7CB795D89D12}.Debug|iPhoneSimulator.Build.0 = Debug|Any CPU
		{7C6B9B04-301A-4A69-96A9-7CB795D89D12}.Release|Any CPU.ActiveCfg = Release|Any CPU
		{7C6B9B04-301A-4A69-96A9-7CB795D89D12}.Release|Any CPU.Build.0 = Release|Any CPU
		{7C6B9B04-301A-4A69-96A9-7CB795D89D12}.Release|iPhone.ActiveCfg = Release|Any CPU
		{7C6B9B04-301A-4A69-96A9-7CB795D89D12}.Release|iPhone.Build.0 = Release|Any CPU
		{7C6B9B04-301A-4A69-96A9-7CB795D89D12}.Release|iPhoneSimulator.ActiveCfg = Release|Any CPU
		{7C6B9B04-301A-4A69-96A9-7CB795D89D12}.Release|iPhoneSimulator.Build.0 = Release|Any CPU
		{70A98B49-052F-4EA5-80EB-0A14E1048D92}.Debug|Any CPU.ActiveCfg = Debug|Any CPU
		{70A98B49-052F-4EA5-80EB-0A14E1048D92}.Debug|Any CPU.Build.0 = Debug|Any CPU
		{70A98B49-052F-4EA5-80EB-0A14E1048D92}.Debug|iPhone.ActiveCfg = Debug|Any CPU
		{70A98B49-052F-4EA5-80EB-0A14E1048D92}.Debug|iPhone.Build.0 = Debug|Any CPU
		{70A98B49-052F-4EA5-80EB-0A14E1048D92}.Debug|iPhoneSimulator.ActiveCfg = Debug|Any CPU
		{70A98B49-052F-4EA5-80EB-0A14E1048D92}.Debug|iPhoneSimulator.Build.0 = Debug|Any CPU
		{70A98B49-052F-4EA5-80EB-0A14E1048D92}.Release|Any CPU.ActiveCfg = Release|Any CPU
		{70A98B49-052F-4EA5-80EB-0A14E1048D92}.Release|Any CPU.Build.0 = Release|Any CPU
		{70A98B49-052F-4EA5-80EB-0A14E1048D92}.Release|iPhone.ActiveCfg = Release|Any CPU
		{70A98B49-052F-4EA5-80EB-0A14E1048D92}.Release|iPhone.Build.0 = Release|Any CPU
		{70A98B49-052F-4EA5-80EB-0A14E1048D92}.Release|iPhoneSimulator.ActiveCfg = Release|Any CPU
		{70A98B49-052F-4EA5-80EB-0A14E1048D92}.Release|iPhoneSimulator.Build.0 = Release|Any CPU
		{53EEECED-BA4E-42FF-9D36-2A368A353E45}.Debug|Any CPU.ActiveCfg = Debug|Any CPU
		{53EEECED-BA4E-42FF-9D36-2A368A353E45}.Debug|Any CPU.Build.0 = Debug|Any CPU
		{53EEECED-BA4E-42FF-9D36-2A368A353E45}.Debug|iPhone.ActiveCfg = Debug|Any CPU
		{53EEECED-BA4E-42FF-9D36-2A368A353E45}.Debug|iPhone.Build.0 = Debug|Any CPU
		{53EEECED-BA4E-42FF-9D36-2A368A353E45}.Debug|iPhoneSimulator.ActiveCfg = Debug|Any CPU
		{53EEECED-BA4E-42FF-9D36-2A368A353E45}.Debug|iPhoneSimulator.Build.0 = Debug|Any CPU
		{53EEECED-BA4E-42FF-9D36-2A368A353E45}.Release|Any CPU.ActiveCfg = Release|Any CPU
		{53EEECED-BA4E-42FF-9D36-2A368A353E45}.Release|Any CPU.Build.0 = Release|Any CPU
		{53EEECED-BA4E-42FF-9D36-2A368A353E45}.Release|iPhone.ActiveCfg = Release|Any CPU
		{53EEECED-BA4E-42FF-9D36-2A368A353E45}.Release|iPhone.Build.0 = Release|Any CPU
		{53EEECED-BA4E-42FF-9D36-2A368A353E45}.Release|iPhoneSimulator.ActiveCfg = Release|Any CPU
		{53EEECED-BA4E-42FF-9D36-2A368A353E45}.Release|iPhoneSimulator.Build.0 = Release|Any CPU
		{8F4BEEEC-EFA3-4108-84EC-C5E5CE58CD0D}.Debug|Any CPU.ActiveCfg = Debug|Any CPU
		{8F4BEEEC-EFA3-4108-84EC-C5E5CE58CD0D}.Debug|Any CPU.Build.0 = Debug|Any CPU
		{8F4BEEEC-EFA3-4108-84EC-C5E5CE58CD0D}.Debug|iPhone.ActiveCfg = Debug|Any CPU
		{8F4BEEEC-EFA3-4108-84EC-C5E5CE58CD0D}.Debug|iPhone.Build.0 = Debug|Any CPU
		{8F4BEEEC-EFA3-4108-84EC-C5E5CE58CD0D}.Debug|iPhoneSimulator.ActiveCfg = Debug|Any CPU
		{8F4BEEEC-EFA3-4108-84EC-C5E5CE58CD0D}.Debug|iPhoneSimulator.Build.0 = Debug|Any CPU
		{8F4BEEEC-EFA3-4108-84EC-C5E5CE58CD0D}.Release|Any CPU.ActiveCfg = Release|Any CPU
		{8F4BEEEC-EFA3-4108-84EC-C5E5CE58CD0D}.Release|Any CPU.Build.0 = Release|Any CPU
		{8F4BEEEC-EFA3-4108-84EC-C5E5CE58CD0D}.Release|iPhone.ActiveCfg = Release|Any CPU
		{8F4BEEEC-EFA3-4108-84EC-C5E5CE58CD0D}.Release|iPhone.Build.0 = Release|Any CPU
		{8F4BEEEC-EFA3-4108-84EC-C5E5CE58CD0D}.Release|iPhoneSimulator.ActiveCfg = Release|Any CPU
		{8F4BEEEC-EFA3-4108-84EC-C5E5CE58CD0D}.Release|iPhoneSimulator.Build.0 = Release|Any CPU
		{489F2D56-5307-44A5-8890-A23EF65E9A48}.Debug|Any CPU.ActiveCfg = Debug|Any CPU
		{489F2D56-5307-44A5-8890-A23EF65E9A48}.Debug|Any CPU.Build.0 = Debug|Any CPU
		{489F2D56-5307-44A5-8890-A23EF65E9A48}.Debug|iPhone.ActiveCfg = Debug|Any CPU
		{489F2D56-5307-44A5-8890-A23EF65E9A48}.Debug|iPhone.Build.0 = Debug|Any CPU
		{489F2D56-5307-44A5-8890-A23EF65E9A48}.Debug|iPhoneSimulator.ActiveCfg = Debug|Any CPU
		{489F2D56-5307-44A5-8890-A23EF65E9A48}.Debug|iPhoneSimulator.Build.0 = Debug|Any CPU
		{489F2D56-5307-44A5-8890-A23EF65E9A48}.Release|Any CPU.ActiveCfg = Release|Any CPU
		{489F2D56-5307-44A5-8890-A23EF65E9A48}.Release|Any CPU.Build.0 = Release|Any CPU
		{489F2D56-5307-44A5-8890-A23EF65E9A48}.Release|iPhone.ActiveCfg = Release|Any CPU
		{489F2D56-5307-44A5-8890-A23EF65E9A48}.Release|iPhone.Build.0 = Release|Any CPU
		{489F2D56-5307-44A5-8890-A23EF65E9A48}.Release|iPhoneSimulator.ActiveCfg = Release|Any CPU
		{489F2D56-5307-44A5-8890-A23EF65E9A48}.Release|iPhoneSimulator.Build.0 = Release|Any CPU
		{AFE11A1D-3759-4B36-8958-40C1D9E4843D}.Debug|Any CPU.ActiveCfg = Debug|Any CPU
		{AFE11A1D-3759-4B36-8958-40C1D9E4843D}.Debug|Any CPU.Build.0 = Debug|Any CPU
		{AFE11A1D-3759-4B36-8958-40C1D9E4843D}.Debug|iPhone.ActiveCfg = Debug|Any CPU
		{AFE11A1D-3759-4B36-8958-40C1D9E4843D}.Debug|iPhone.Build.0 = Debug|Any CPU
		{AFE11A1D-3759-4B36-8958-40C1D9E4843D}.Debug|iPhoneSimulator.ActiveCfg = Debug|Any CPU
		{AFE11A1D-3759-4B36-8958-40C1D9E4843D}.Debug|iPhoneSimulator.Build.0 = Debug|Any CPU
		{AFE11A1D-3759-4B36-8958-40C1D9E4843D}.Release|Any CPU.ActiveCfg = Release|Any CPU
		{AFE11A1D-3759-4B36-8958-40C1D9E4843D}.Release|Any CPU.Build.0 = Release|Any CPU
		{AFE11A1D-3759-4B36-8958-40C1D9E4843D}.Release|iPhone.ActiveCfg = Release|Any CPU
		{AFE11A1D-3759-4B36-8958-40C1D9E4843D}.Release|iPhone.Build.0 = Release|Any CPU
		{AFE11A1D-3759-4B36-8958-40C1D9E4843D}.Release|iPhoneSimulator.ActiveCfg = Release|Any CPU
		{AFE11A1D-3759-4B36-8958-40C1D9E4843D}.Release|iPhoneSimulator.Build.0 = Release|Any CPU
	EndGlobalSection
	GlobalSection(SolutionProperties) = preSolution
		HideSolutionNode = FALSE
	EndGlobalSection
	GlobalSection(ExtensibilityGlobals) = postSolution
		SolutionGuid = {2E013584-0378-4748-B1C2-6B0B38A5FECA}
	EndGlobalSection
EndGlobal
